
Microsoft Visual Studio Solution File, Format Version 12.00
# Visual Studio Version 17
VisualStudioVersion = 17.9.34526.213
MinimumVisualStudioVersion = 10.0.40219.1
Project("{9A19103F-16F7-4668-BE54-9A1E7A4F7556}") = "EmailTemplatesBuilder", "EmailTemplatesBuilder\EmailTemplatesBuilder.csproj", "{E79F8B87-707F-4D5D-8BF1-AB3FD0C8A2B8}"
EndProject
Global
	GlobalSection(SolutionConfigurationPlatforms) = preSolution
		Debug|Any CPU = Debug|Any CPU
		Release|Any CPU = Release|Any CPU
	EndGlobalSection
	GlobalSection(ProjectConfigurationPlatforms) = postSolution
		{E79F8B87-707F-4D5D-8BF1-AB3FD0C8A2B8}.Debug|Any CPU.ActiveCfg = Debug|Any CPU
		{E79F8B87-707F-4D5D-8BF1-AB3FD0C8A2B8}.Debug|Any CPU.Build.0 = Debug|Any CPU
		{E79F8B87-707F-4D5D-8BF1-AB3FD0C8A2B8}.Release|Any CPU.ActiveCfg = Release|Any CPU
		{E79F8B87-707F-4D5D-8BF1-AB3FD0C8A2B8}.Release|Any CPU.Build.0 = Release|Any CPU
	EndGlobalSection
	GlobalSection(SolutionProperties) = preSolution
		HideSolutionNode = FALSE
	EndGlobalSection
	GlobalSection(ExtensibilityGlobals) = postSolution
		SolutionGuid = {2EDCE8BE-A8ED-454C-99A5-6EF2A73AC013}
	EndGlobalSection
EndGlobal
